
Microsoft Visual Studio Solution File, Format Version 12.00
# Visual Studio 14
VisualStudioVersion = 14.0.25420.1
MinimumVisualStudioVersion = 10.0.40219.1
Project("{FAE04EC0-301F-11D3-BF4B-00C04F79EFBC}") = "CoucbaseClient", "CoucbaseClient\CoucbaseClient.csproj", "{864CE4FE-FE33-4EB9-8051-D13A1AB7F34F}"
EndProject
Global
	GlobalSection(SolutionConfigurationPlatforms) = preSolution
		Debug|Any CPU = Debug|Any CPU
		Release|Any CPU = Release|Any CPU
	EndGlobalSection
	GlobalSection(ProjectConfigurationPlatforms) = postSolution
		{864CE4FE-FE33-4EB9-8051-D13A1AB7F34F}.Debug|Any CPU.ActiveCfg = Debug|Any CPU
		{864CE4FE-FE33-4EB9-8051-D13A1AB7F34F}.Debug|Any CPU.Build.0 = Debug|Any CPU
		{864CE4FE-FE33-4EB9-8051-D13A1AB7F34F}.Release|Any CPU.ActiveCfg = Release|Any CPU
		{864CE4FE-FE33-4EB9-8051-D13A1AB7F34F}.Release|Any CPU.Build.0 = Release|Any CPU
	EndGlobalSection
	GlobalSection(SolutionProperties) = preSolution
		HideSolutionNode = FALSE
	EndGlobalSection
EndGlobal
